
Microsoft Visual Studio Solution File, Format Version 12.00
# Visual Studio Version 17
VisualStudioVersion = 17.0.31903.59
MinimumVisualStudioVersion = 10.0.40219.1
Project("{2150E333-8FDC-42A3-9474-1A3956D46DE8}") = "src", "src", "{7E1F5D45-2976-4737-97F3-42884EB858FC}"
EndProject
Project("{FAE04EC0-301F-11D3-BF4B-00C04F79EFBC}") = "Dvchevskii.Unit", "src\Dvchevskii.Unit\Dvchevskii.Unit.csproj", "{3B56ACC6-6C53-48F2-8F13-5FEA7EC8F583}"
EndProject
Project("{2150E333-8FDC-42A3-9474-1A3956D46DE8}") = "test", "test", "{2A766580-FB91-4F6B-ADFA-F82203FDBAC8}"
EndProject
Project("{FAE04EC0-301F-11D3-BF4B-00C04F79EFBC}") = "Dvchevskii.Unit.Tests", "test\Dvchevskii.Unit.Tests\Dvchevskii.Unit.Tests.csproj", "{0B00108D-98FB-441F-B966-750F8A9704C9}"
EndProject
Project("{9A19103F-16F7-4668-BE54-9A1E7A4F7556}") = "_build", "build\_build.csproj", "{8E7C5580-3F0F-466F-B5FD-82A4E060BC03}"
EndProject
Global
	GlobalSection(SolutionConfigurationPlatforms) = preSolution
		Debug|Any CPU = Debug|Any CPU
		Release|Any CPU = Release|Any CPU
	EndGlobalSection
	GlobalSection(SolutionProperties) = preSolution
		HideSolutionNode = FALSE
	EndGlobalSection
	GlobalSection(ProjectConfigurationPlatforms) = postSolution
		{8E7C5580-3F0F-466F-B5FD-82A4E060BC03}.Debug|Any CPU.ActiveCfg = Debug|Any CPU
		{8E7C5580-3F0F-466F-B5FD-82A4E060BC03}.Release|Any CPU.ActiveCfg = Release|Any CPU
		{3B56ACC6-6C53-48F2-8F13-5FEA7EC8F583}.Debug|Any CPU.ActiveCfg = Debug|Any CPU
		{3B56ACC6-6C53-48F2-8F13-5FEA7EC8F583}.Debug|Any CPU.Build.0 = Debug|Any CPU
		{3B56ACC6-6C53-48F2-8F13-5FEA7EC8F583}.Release|Any CPU.ActiveCfg = Release|Any CPU
		{3B56ACC6-6C53-48F2-8F13-5FEA7EC8F583}.Release|Any CPU.Build.0 = Release|Any CPU
		{0B00108D-98FB-441F-B966-750F8A9704C9}.Debug|Any CPU.ActiveCfg = Debug|Any CPU
		{0B00108D-98FB-441F-B966-750F8A9704C9}.Debug|Any CPU.Build.0 = Debug|Any CPU
		{0B00108D-98FB-441F-B966-750F8A9704C9}.Release|Any CPU.ActiveCfg = Release|Any CPU
		{0B00108D-98FB-441F-B966-750F8A9704C9}.Release|Any CPU.Build.0 = Release|Any CPU
	EndGlobalSection
	GlobalSection(NestedProjects) = preSolution
		{3B56ACC6-6C53-48F2-8F13-5FEA7EC8F583} = {7E1F5D45-2976-4737-97F3-42884EB858FC}
		{0B00108D-98FB-441F-B966-750F8A9704C9} = {2A766580-FB91-4F6B-ADFA-F82203FDBAC8}
	EndGlobalSection
EndGlobal
